
Microsoft Visual Studio Solution File, Format Version 12.00
# Visual Studio Version 17
VisualStudioVersion = 17.12.35506.116
MinimumVisualStudioVersion = 10.0.40219.1
Project("{2150E333-8FDC-42A3-9474-1A3956D46DE8}") = "Test", "Test", "{62FCF55D-0564-4280-950B-A1994911E91D}"
EndProject
Project("{2150E333-8FDC-42A3-9474-1A3956D46DE8}") = "Application", "Application", "{277E4AAD-9105-4FA3-B47B-A37E13290DD6}"
EndProject
Project("{2150E333-8FDC-42A3-9474-1A3956D46DE8}") = "Domain", "Domain", "{54F7E1C0-0B6C-4B74-A240-5A152824CEC1}"
EndProject
Project("{2150E333-8FDC-42A3-9474-1A3956D46DE8}") = "Presentation", "Presentation", "{2DF6398C-478D-4135-A2E3-AFEF814C42E7}"
EndProject
Project("{2150E333-8FDC-42A3-9474-1A3956D46DE8}") = "Infrastructure", "Infrastructure", "{98AE3941-3464-46BA-B780-5876F1D4EC4C}"
EndProject
Project("{FAE04EC0-301F-11D3-BF4B-00C04F79EFBC}") = "Domain", "Domain\Domain.csproj", "{7C04302F-34AE-4E20-973E-6BAE01B5AC7D}"
EndProject
Project("{FAE04EC0-301F-11D3-BF4B-00C04F79EFBC}") = "Application", "Application\Application.csproj", "{7A4579A2-71BB-42ED-A502-5D34CB115C9A}"
EndProject
Project("{FAE04EC0-301F-11D3-BF4B-00C04F79EFBC}") = "Infrastructure", "Infrastructure\Infrastructure.csproj", "{8452CCE1-37BB-48AE-B887-6AA43133AB49}"
EndProject
Project("{FAE04EC0-301F-11D3-BF4B-00C04F79EFBC}") = "Test", "Test\Test.csproj", "{955E23E8-6E22-49ED-A747-CBC05BD65CF3}"
EndProject
Project("{FAE04EC0-301F-11D3-BF4B-00C04F79EFBC}") = "API", "API\API.csproj", "{9E854455-9C0B-4A19-BBDE-21A674E6D6F9}"
EndProject
Global
	GlobalSection(SolutionConfigurationPlatforms) = preSolution
		Debug|Any CPU = Debug|Any CPU
		Release|Any CPU = Release|Any CPU
	EndGlobalSection
	GlobalSection(ProjectConfigurationPlatforms) = postSolution
		{7C04302F-34AE-4E20-973E-6BAE01B5AC7D}.Debug|Any CPU.ActiveCfg = Debug|Any CPU
		{7C04302F-34AE-4E20-973E-6BAE01B5AC7D}.Debug|Any CPU.Build.0 = Debug|Any CPU
		{7C04302F-34AE-4E20-973E-6BAE01B5AC7D}.Release|Any CPU.ActiveCfg = Release|Any CPU
		{7C04302F-34AE-4E20-973E-6BAE01B5AC7D}.Release|Any CPU.Build.0 = Release|Any CPU
		{7A4579A2-71BB-42ED-A502-5D34CB115C9A}.Debug|Any CPU.ActiveCfg = Debug|Any CPU
		{7A4579A2-71BB-42ED-A502-5D34CB115C9A}.Debug|Any CPU.Build.0 = Debug|Any CPU
		{7A4579A2-71BB-42ED-A502-5D34CB115C9A}.Release|Any CPU.ActiveCfg = Release|Any CPU
		{7A4579A2-71BB-42ED-A502-5D34CB115C9A}.Release|Any CPU.Build.0 = Release|Any CPU
		{8452CCE1-37BB-48AE-B887-6AA43133AB49}.Debug|Any CPU.ActiveCfg = Debug|Any CPU
		{8452CCE1-37BB-48AE-B887-6AA43133AB49}.Debug|Any CPU.Build.0 = Debug|Any CPU
		{8452CCE1-37BB-48AE-B887-6AA43133AB49}.Release|Any CPU.ActiveCfg = Release|Any CPU
		{8452CCE1-37BB-48AE-B887-6AA43133AB49}.Release|Any CPU.Build.0 = Release|Any CPU
		{955E23E8-6E22-49ED-A747-CBC05BD65CF3}.Debug|Any CPU.ActiveCfg = Debug|Any CPU
		{955E23E8-6E22-49ED-A747-CBC05BD65CF3}.Debug|Any CPU.Build.0 = Debug|Any CPU
		{955E23E8-6E22-49ED-A747-CBC05BD65CF3}.Release|Any CPU.ActiveCfg = Release|Any CPU
		{955E23E8-6E22-49ED-A747-CBC05BD65CF3}.Release|Any CPU.Build.0 = Release|Any CPU
		{9E854455-9C0B-4A19-BBDE-21A674E6D6F9}.Debug|Any CPU.ActiveCfg = Debug|Any CPU
		{9E854455-9C0B-4A19-BBDE-21A674E6D6F9}.Debug|Any CPU.Build.0 = Debug|Any CPU
		{9E854455-9C0B-4A19-BBDE-21A674E6D6F9}.Release|Any CPU.ActiveCfg = Release|Any CPU
		{9E854455-9C0B-4A19-BBDE-21A674E6D6F9}.Release|Any CPU.Build.0 = Release|Any CPU
	EndGlobalSection
	GlobalSection(SolutionProperties) = preSolution
		HideSolutionNode = FALSE
	EndGlobalSection
	GlobalSection(NestedProjects) = preSolution
		{7C04302F-34AE-4E20-973E-6BAE01B5AC7D} = {54F7E1C0-0B6C-4B74-A240-5A152824CEC1}
		{7A4579A2-71BB-42ED-A502-5D34CB115C9A} = {277E4AAD-9105-4FA3-B47B-A37E13290DD6}
		{8452CCE1-37BB-48AE-B887-6AA43133AB49} = {98AE3941-3464-46BA-B780-5876F1D4EC4C}
		{955E23E8-6E22-49ED-A747-CBC05BD65CF3} = {62FCF55D-0564-4280-950B-A1994911E91D}
		{9E854455-9C0B-4A19-BBDE-21A674E6D6F9} = {2DF6398C-478D-4135-A2E3-AFEF814C42E7}
	EndGlobalSection
EndGlobal
